{
  "name": "story_data_tool",
  "version": "1.0.0",
  "lockfileVersion": 3,
  "requires": true,
  "packages": {
    "": {
      "name": "story_data_tool",
      "version": "1.0.0",
      "license": "ISC",
      "dependencies": {
        "fluent-ffmpeg": "^2.1.2",
        "js-yaml": "^4.1.0",
        "keypress": "^0.2.1",
        "play-sound": "^1.1.6",
        "sharp": "^0.33.0",
        "wav": "^1.0.2"
      }
    },
    "node_modules/@emnapi/runtime": {
      "version": "0.44.0",
      "resolved": "https://registry.npmjs.org/@emnapi/runtime/-/runtime-0.44.0.tgz",
      "integrity": "sha512-ZX/etZEZw8DR7zAB1eVQT40lNo0jeqpb6dCgOvctB6FIQ5PoXfMuNY8+ayQfu8tNQbAB8gQWSSJupR8NxeiZXw==",
      "optional": true,
      "dependencies": {
        "tslib": "^2.4.0"
      }
    },
    "node_modules/@img/sharp-darwin-arm64": {
      "version": "0.33.0",
      "resolved": "https://registry.npmjs.org/@img/sharp-darwin-arm64/-/sharp-darwin-arm64-0.33.0.tgz",
      "integrity": "sha512-070tEheekI1LJWTGPC9WlQEa5UoKTXzzlORBHMX4TbfUxMiL336YHR8vBEUNsjse0RJCX8dZ4ZXwT595aEF1ug==",
      "cpu": [
        "arm64"
      ],
      "optional": true,
      "os": [
        "darwin"
      ],
      "engines": {
        "glibc": ">=2.26",
        "node": "^18.17.0 || ^20.3.0 || >=21.0.0",
        "npm": ">=9.6.5",
        "pnpm": ">=7.1.0",
        "yarn": ">=3.2.0"
      },
      "funding": {
        "url": "https://opencollective.com/libvips"
      },
      "optionalDependencies": {
        "@img/sharp-libvips-darwin-arm64": "1.0.0"
      }
    },
    "node_modules/@img/sharp-darwin-x64": {
      "version": "0.33.0",
      "resolved": "https://registry.npmjs.org/@img/sharp-darwin-x64/-/sharp-darwin-x64-0.33.0.tgz",
      "integrity": "sha512-pu/nvn152F3qbPeUkr+4e9zVvEhD3jhwzF473veQfMPkOYo9aoWXSfdZH/E6F+nYC3qvFjbxbvdDbUtEbghLqw==",
      "cpu": [
        "x64"
      ],
      "optional": true,
      "os": [
        "darwin"
      ],
      "engines": {
        "glibc": ">=2.26",
        "node": "^18.17.0 || ^20.3.0 || >=21.0.0",
        "npm": ">=9.6.5",
        "pnpm": ">=7.1.0",
        "yarn": ">=3.2.0"
      },
      "funding": {
        "url": "https://opencollective.com/libvips"
      },
      "optionalDependencies": {
        "@img/sharp-libvips-darwin-x64": "1.0.0"
      }
    },
    "node_modules/@img/sharp-libvips-darwin-arm64": {
      "version": "1.0.0",
      "resolved": "https://registry.npmjs.org/@img/sharp-libvips-darwin-arm64/-/sharp-libvips-darwin-arm64-1.0.0.tgz",
      "integrity": "sha512-VzYd6OwnUR81sInf3alj1wiokY50DjsHz5bvfnsFpxs5tqQxESoHtJO6xyksDs3RIkyhMWq2FufXo6GNSU9BMw==",
      "cpu": [
        "arm64"
      ],
      "optional": true,
      "os": [
        "darwin"
      ],
      "engines": {
        "macos": ">=11",
        "npm": ">=9.6.5",
        "pnpm": ">=7.1.0",
        "yarn": ">=3.2.0"
      },
      "funding": {
        "url": "https://opencollective.com/libvips"
      }
    },
    "node_modules/@img/sharp-libvips-darwin-x64": {
      "version": "1.0.0",
      "resolved": "https://registry.npmjs.org/@img/sharp-libvips-darwin-x64/-/sharp-libvips-darwin-x64-1.0.0.tgz",
      "integrity": "sha512-dD9OznTlHD6aovRswaPNEy8dKtSAmNo4++tO7uuR4o5VxbVAOoEQ1uSmN4iFAdQneTHws1lkTZeiXPrcCkh6IA==",
      "cpu": [
        "x64"
      ],
      "optional": true,
      "os": [
        "darwin"
      ],
      "engines": {
        "macos": ">=10.13",
        "npm": ">=9.6.5",
        "pnpm": ">=7.1.0",
        "yarn": ">=3.2.0"
      },
      "funding": {
        "url": "https://opencollective.com/libvips"
      }
    },
    "node_modules/@img/sharp-libvips-linux-arm": {
      "version": "1.0.0",
      "resolved": "https://registry.npmjs.org/@img/sharp-libvips-linux-arm/-/sharp-libvips-linux-arm-1.0.0.tgz",
      "integrity": "sha512-VwgD2eEikDJUk09Mn9Dzi1OW2OJFRQK+XlBTkUNmAWPrtj8Ly0yq05DFgu1VCMx2/DqCGQVi5A1dM9hTmxf3uw==",
      "cpu": [
        "arm"
      ],
      "optional": true,
      "os": [
        "linux"
      ],
      "engines": {
        "glibc": ">=2.28",
        "npm": ">=9.6.5",
        "pnpm": ">=7.1.0",
        "yarn": ">=3.2.0"
      },
      "funding": {
        "url": "https://opencollective.com/libvips"
      }
    },
    "node_modules/@img/sharp-libvips-linux-arm64": {
      "version": "1.0.0",
      "resolved": "https://registry.npmjs.org/@img/sharp-libvips-linux-arm64/-/sharp-libvips-linux-arm64-1.0.0.tgz",
      "integrity": "sha512-xTYThiqEZEZc0PRU90yVtM3KE7lw1bKdnDQ9kCTHWbqWyHOe4NpPOtMGy27YnN51q0J5dqRrvicfPbALIOeAZA==",
      "cpu": [
        "arm64"
      ],
      "optional": true,
      "os": [
        "linux"
      ],
      "engines": {
        "glibc": ">=2.26",
        "npm": ">=9.6.5",
        "pnpm": ">=7.1.0",
        "yarn": ">=3.2.0"
      },
      "funding": {
        "url": "https://opencollective.com/libvips"
      }
    },
    "node_modules/@img/sharp-libvips-linux-s390x": {
      "version": "1.0.0",
      "resolved": "https://registry.npmjs.org/@img/sharp-libvips-linux-s390x/-/sharp-libvips-linux-s390x-1.0.0.tgz",
      "integrity": "sha512-o9E46WWBC6JsBlwU4QyU9578G77HBDT1NInd+aERfxeOPbk0qBZHgoDsQmA2v9TbqJRWzoBPx1aLOhprBMgPjw==",
      "cpu": [
        "s390x"
      ],
      "optional": true,
      "os": [
        "linux"
      ],
      "engines": {
        "glibc": ">=2.28",
        "npm": ">=9.6.5",
        "pnpm": ">=7.1.0",
        "yarn": ">=3.2.0"
      },
      "funding": {
        "url": "https://opencollective.com/libvips"
      }
    },
    "node_modules/@img/sharp-libvips-linux-x64": {
      "version": "1.0.0",
      "resolved": "https://registry.npmjs.org/@img/sharp-libvips-linux-x64/-/sharp-libvips-linux-x64-1.0.0.tgz",
      "integrity": "sha512-naldaJy4hSVhWBgEjfdBY85CAa4UO+W1nx6a1sWStHZ7EUfNiuBTTN2KUYT5dH1+p/xij1t2QSXfCiFJoC5S/Q==",
      "cpu": [
        "x64"
      ],
      "optional": true,
      "os": [
        "linux"
      ],
      "engines": {
        "glibc": ">=2.26",
        "npm": ">=9.6.5",
        "pnpm": ">=7.1.0",
        "yarn": ">=3.2.0"
      },
      "funding": {
        "url": "https://opencollective.com/libvips"
      }
    },
    "node_modules/@img/sharp-libvips-linuxmusl-arm64": {
      "version": "1.0.0",
      "resolved": "https://registry.npmjs.org/@img/sharp-libvips-linuxmusl-arm64/-/sharp-libvips-linuxmusl-arm64-1.0.0.tgz",
      "integrity": "sha512-OdorplCyvmSAPsoJLldtLh3nLxRrkAAAOHsGWGDYfN0kh730gifK+UZb3dWORRa6EusNqCTjfXV4GxvgJ/nPDQ==",
      "cpu": [
        "arm64"
      ],
      "optional": true,
      "os": [
        "linux"
      ],
      "engines": {
        "musl": ">=1.2.2",
        "npm": ">=9.6.5",
        "pnpm": ">=7.1.0",
        "yarn": ">=3.2.0"
      },
      "funding": {
        "url": "https://opencollective.com/libvips"
      }
    },
    "node_modules/@img/sharp-libvips-linuxmusl-x64": {
      "version": "1.0.0",
      "resolved": "https://registry.npmjs.org/@img/sharp-libvips-linuxmusl-x64/-/sharp-libvips-linuxmusl-x64-1.0.0.tgz",
      "integrity": "sha512-FW8iK6rJrg+X2jKD0Ajhjv6y74lToIBEvkZhl42nZt563FfxkCYacrXZtd+q/sRQDypQLzY5WdLkVTbJoPyqNg==",
      "cpu": [
        "x64"
      ],
      "optional": true,
      "os": [
        "linux"
      ],
      "engines": {
        "musl": ">=1.2.2",
        "npm": ">=9.6.5",
        "pnpm": ">=7.1.0",
        "yarn": ">=3.2.0"
      },
      "funding": {
        "url": "https://opencollective.com/libvips"
      }
    },
    "node_modules/@img/sharp-linux-arm": {
      "version": "0.33.0",
      "resolved": "https://registry.npmjs.org/@img/sharp-linux-arm/-/sharp-linux-arm-0.33.0.tgz",
      "integrity": "sha512-4horD3wMFd5a0ddbDY8/dXU9CaOgHjEHALAddXgafoR5oWq5s8X61PDgsSeh4Qupsdo6ycfPPSSNBrfVQnwwrg==",
      "cpu": [
        "arm"
      ],
      "optional": true,
      "os": [
        "linux"
      ],
      "engines": {
        "glibc": ">=2.28",
        "node": "^18.17.0 || ^20.3.0 || >=21.0.0",
        "npm": ">=9.6.5",
        "pnpm": ">=7.1.0",
        "yarn": ">=3.2.0"
      },
      "funding": {
        "url": "https://opencollective.com/libvips"
      },
      "optionalDependencies": {
        "@img/sharp-libvips-linux-arm": "1.0.0"
      }
    },
    "node_modules/@img/sharp-linux-arm64": {
      "version": "0.33.0",
      "resolved": "https://registry.npmjs.org/@img/sharp-linux-arm64/-/sharp-linux-arm64-0.33.0.tgz",
      "integrity": "sha512-dcomVSrtgF70SyOr8RCOCQ8XGVThXwe71A1d8MGA+mXEVRJ/J6/TrCbBEJh9ddcEIIsrnrkolaEvYSHqVhswQw==",
      "cpu": [
        "arm64"
      ],
      "optional": true,
      "os": [
        "linux"
      ],
      "engines": {
        "glibc": ">=2.26",
        "node": "^18.17.0 || ^20.3.0 || >=21.0.0",
        "npm": ">=9.6.5",
        "pnpm": ">=7.1.0",
        "yarn": ">=3.2.0"
      },
      "funding": {
        "url": "https://opencollective.com/libvips"
      },
      "optionalDependencies": {
        "@img/sharp-libvips-linux-arm64": "1.0.0"
      }
    },
    "node_modules/@img/sharp-linux-s390x": {
      "version": "0.33.0",
      "resolved": "https://registry.npmjs.org/@img/sharp-linux-s390x/-/sharp-linux-s390x-0.33.0.tgz",
      "integrity": "sha512-TiVJbx38J2rNVfA309ffSOB+3/7wOsZYQEOlKqOUdWD/nqkjNGrX+YQGz7nzcf5oy2lC+d37+w183iNXRZNngQ==",
      "cpu": [
        "s390x"
      ],
      "optional": true,
      "os": [
        "linux"
      ],
      "engines": {
        "glibc": ">=2.28",
        "node": "^18.17.0 || ^20.3.0 || >=21.0.0",
        "npm": ">=9.6.5",
        "pnpm": ">=7.1.0",
        "yarn": ">=3.2.0"
      },
      "funding": {
        "url": "https://opencollective.com/libvips"
      },
      "optionalDependencies": {
        "@img/sharp-libvips-linux-s390x": "1.0.0"
      }
    },
    "node_modules/@img/sharp-linux-x64": {
      "version": "0.33.0",
      "resolved": "https://registry.npmjs.org/@img/sharp-linux-x64/-/sharp-linux-x64-0.33.0.tgz",
      "integrity": "sha512-PaZM4Zi7/Ek71WgTdvR+KzTZpBqrQOFcPe7/8ZoPRlTYYRe43k6TWsf4GVH6XKRLMYeSp8J89RfAhBrSP4itNA==",
      "cpu": [
        "x64"
      ],
      "optional": true,
      "os": [
        "linux"
      ],
      "engines": {
        "glibc": ">=2.26",
        "node": "^18.17.0 || ^20.3.0 || >=21.0.0",
        "npm": ">=9.6.5",
        "pnpm": ">=7.1.0",
        "yarn": ">=3.2.0"
      },
      "funding": {
        "url": "https://opencollective.com/libvips"
      },
      "optionalDependencies": {
        "@img/sharp-libvips-linux-x64": "1.0.0"
      }
    },
    "node_modules/@img/sharp-linuxmusl-arm64": {
      "version": "0.33.0",
      "resolved": "https://registry.npmjs.org/@img/sharp-linuxmusl-arm64/-/sharp-linuxmusl-arm64-0.33.0.tgz",
      "integrity": "sha512-1QLbbN0zt+32eVrg7bb1lwtvEaZwlhEsY1OrijroMkwAqlHqFj6R33Y47s2XUv7P6Ie1PwCxK/uFnNqMnkd5kg==",
      "cpu": [
        "arm64"
      ],
      "optional": true,
      "os": [
        "linux"
      ],
      "engines": {
        "musl": ">=1.2.2",
        "node": "^18.17.0 || ^20.3.0 || >=21.0.0",
        "npm": ">=9.6.5",
        "pnpm": ">=7.1.0",
        "yarn": ">=3.2.0"
      },
      "funding": {
        "url": "https://opencollective.com/libvips"
      },
      "optionalDependencies": {
        "@img/sharp-libvips-linuxmusl-arm64": "1.0.0"
      }
    },
    "node_modules/@img/sharp-linuxmusl-x64": {
      "version": "0.33.0",
      "resolved": "https://registry.npmjs.org/@img/sharp-linuxmusl-x64/-/sharp-linuxmusl-x64-0.33.0.tgz",
      "integrity": "sha512-CecqgB/CnkvCWFhmfN9ZhPGMLXaEBXl4o7WtA6U3Ztrlh/s7FUKX4vNxpMSYLIrWuuzjiaYdfU3+Tdqh1xaHfw==",
      "cpu": [
        "x64"
      ],
      "optional": true,
      "os": [
        "linux"
      ],
      "engines": {
        "musl": ">=1.2.2",
        "node": "^18.17.0 || ^20.3.0 || >=21.0.0",
        "npm": ">=9.6.5",
        "pnpm": ">=7.1.0",
        "yarn": ">=3.2.0"
      },
      "funding": {
        "url": "https://opencollective.com/libvips"
      },
      "optionalDependencies": {
        "@img/sharp-libvips-linuxmusl-x64": "1.0.0"
      }
    },
    "node_modules/@img/sharp-wasm32": {
      "version": "0.33.0",
      "resolved": "https://registry.npmjs.org/@img/sharp-wasm32/-/sharp-wasm32-0.33.0.tgz",
      "integrity": "sha512-Hn4js32gUX9qkISlemZBUPuMs0k/xNJebUNl/L6djnU07B/HAA2KaxRVb3HvbU5fL242hLOcp0+tR+M8dvJUFw==",
      "cpu": [
        "wasm32"
      ],
      "optional": true,
      "dependencies": {
        "@emnapi/runtime": "^0.44.0"
      },
      "engines": {
        "node": "^18.17.0 || ^20.3.0 || >=21.0.0",
        "npm": ">=9.6.5",
        "pnpm": ">=7.1.0",
        "yarn": ">=3.2.0"
      },
      "funding": {
        "url": "https://opencollective.com/libvips"
      }
    },
    "node_modules/@img/sharp-win32-ia32": {
      "version": "0.33.0",
      "resolved": "https://registry.npmjs.org/@img/sharp-win32-ia32/-/sharp-win32-ia32-0.33.0.tgz",
      "integrity": "sha512-5HfcsCZi3l5nPRF2q3bllMVMDXBqEWI3Q8KQONfzl0TferFE5lnsIG0A1YrntMAGqvkzdW6y1Ci1A2uTvxhfzg==",
      "cpu": [
        "ia32"
      ],
      "optional": true,
      "os": [
        "win32"
      ],
      "engines": {
        "node": "^18.17.0 || ^20.3.0 || >=21.0.0",
        "npm": ">=9.6.5",
        "pnpm": ">=7.1.0",
        "yarn": ">=3.2.0"
      },
      "funding": {
        "url": "https://opencollective.com/libvips"
      }
    },
    "node_modules/@img/sharp-win32-x64": {
      "version": "0.33.0",
      "resolved": "https://registry.npmjs.org/@img/sharp-win32-x64/-/sharp-win32-x64-0.33.0.tgz",
      "integrity": "sha512-i3DtP/2ce1yKFj4OzOnOYltOEL/+dp4dc4dJXJBv6god1AFTcmkaA99H/7SwOmkCOBQkbVvA3lCGm3/5nDtf9Q==",
      "cpu": [
        "x64"
      ],
      "optional": true,
      "os": [
        "win32"
      ],
      "engines": {
        "node": "^18.17.0 || ^20.3.0 || >=21.0.0",
        "npm": ">=9.6.5",
        "pnpm": ">=7.1.0",
        "yarn": ">=3.2.0"
      },
      "funding": {
        "url": "https://opencollective.com/libvips"
      }
    },
    "node_modules/argparse": {
      "version": "2.0.1",
      "resolved": "https://registry.npmjs.org/argparse/-/argparse-2.0.1.tgz",
      "integrity": "sha512-8+9WqebbFzpX9OR+Wa6O29asIogeRMzcGtAINdpMHHyAg10f05aSFVBbcEqGf/PXw1EjAZ+q2/bEBg3DvurK3Q=="
    },
    "node_modules/async": {
      "version": "3.2.5",
      "resolved": "https://registry.npmjs.org/async/-/async-3.2.5.tgz",
      "integrity": "sha512-baNZyqaaLhyLVKm/DlvdW051MSgO6b8eVfIezl9E5PqWxFgzLm/wQntEW4zOytVburDEr0JlALEpdOFwvErLsg=="
    },
    "node_modules/buffer-alloc": {
      "version": "1.2.0",
      "resolved": "https://registry.npmjs.org/buffer-alloc/-/buffer-alloc-1.2.0.tgz",
      "integrity": "sha512-CFsHQgjtW1UChdXgbyJGtnm+O/uLQeZdtbDo8mfUgYXCHSM1wgrVxXm6bSyrUuErEb+4sYVGCzASBRot7zyrow==",
      "dependencies": {
        "buffer-alloc-unsafe": "^1.1.0",
        "buffer-fill": "^1.0.0"
      }
    },
    "node_modules/buffer-alloc-unsafe": {
      "version": "1.1.0",
      "resolved": "https://registry.npmjs.org/buffer-alloc-unsafe/-/buffer-alloc-unsafe-1.1.0.tgz",
      "integrity": "sha512-TEM2iMIEQdJ2yjPJoSIsldnleVaAk1oW3DBVUykyOLsEsFmEc9kn+SFFPz+gl54KQNxlDnAwCXosOS9Okx2xAg=="
    },
    "node_modules/buffer-fill": {
      "version": "1.0.0",
      "resolved": "https://registry.npmjs.org/buffer-fill/-/buffer-fill-1.0.0.tgz",
      "integrity": "sha512-T7zexNBwiiaCOGDg9xNX9PBmjrubblRkENuptryuI64URkXDFum9il/JGL8Lm8wYfAXpredVXXZz7eMHilimiQ=="
    },
    "node_modules/buffer-from": {
      "version": "1.1.2",
      "resolved": "https://registry.npmjs.org/buffer-from/-/buffer-from-1.1.2.tgz",
      "integrity": "sha512-E+XQCRwSbaaiChtv6k6Dwgc+bx+Bs6vuKJHHl5kox/BaKbhiXzqQOwK4cO22yElGp2OCmjwVhT3HmxgyPGnJfQ=="
    },
    "node_modules/color": {
      "version": "4.2.3",
      "resolved": "https://registry.npmjs.org/color/-/color-4.2.3.tgz",
      "integrity": "sha512-1rXeuUUiGGrykh+CeBdu5Ie7OJwinCgQY0bc7GCRxy5xVHy+moaqkpL/jqQq0MtQOeYcrqEz4abc5f0KtU7W4A==",
      "dependencies": {
        "color-convert": "^2.0.1",
        "color-string": "^1.9.0"
      },
      "engines": {
        "node": ">=12.5.0"
      }
    },
    "node_modules/color-convert": {
      "version": "2.0.1",
      "resolved": "https://registry.npmjs.org/color-convert/-/color-convert-2.0.1.tgz",
      "integrity": "sha512-RRECPsj7iu/xb5oKYcsFHSppFNnsj/52OVTRKb4zP5onXwVF3zVmmToNcOfGC+CRDpfK/U584fMg38ZHCaElKQ==",
      "dependencies": {
        "color-name": "~1.1.4"
      },
      "engines": {
        "node": ">=7.0.0"
      }
    },
    "node_modules/color-name": {
      "version": "1.1.4",
      "resolved": "https://registry.npmjs.org/color-name/-/color-name-1.1.4.tgz",
      "integrity": "sha512-dOy+3AuW3a2wNbZHIuMZpTcgjGuLU/uBL/ubcZF9OXbDo8ff4O8yVp5Bf0efS8uEoYo5q4Fx7dY9OgQGXgAsQA=="
    },
    "node_modules/color-string": {
      "version": "1.9.1",
      "resolved": "https://registry.npmjs.org/color-string/-/color-string-1.9.1.tgz",
      "integrity": "sha512-shrVawQFojnZv6xM40anx4CkoDP+fZsw/ZerEMsW/pyzsRbElpsL/DBVW7q3ExxwusdNXI3lXpuhEZkzs8p5Eg==",
      "dependencies": {
        "color-name": "^1.0.0",
        "simple-swizzle": "^0.2.2"
      }
    },
    "node_modules/core-util-is": {
      "version": "1.0.3",
      "resolved": "https://registry.npmjs.org/core-util-is/-/core-util-is-1.0.3.tgz",
      "integrity": "sha512-ZQBvi1DcpJ4GDqanjucZ2Hj3wEO5pZDS89BWbkcrvdxksJorwUDDZamX9ldFkp9aw2lmBDLgkObEA4DWNJ9FYQ=="
    },
    "node_modules/debug": {
      "version": "2.6.9",
      "resolved": "https://registry.npmjs.org/debug/-/debug-2.6.9.tgz",
      "integrity": "sha512-bC7ElrdJaJnPbAP+1EotYvqZsb3ecl5wi6Bfi6BJTUcNowp6cvspg0jXznRTKDjm/E7AdgFBVeAPVMNcKGsHMA==",
      "dependencies": {
        "ms": "2.0.0"
      }
    },
    "node_modules/detect-libc": {
      "version": "2.0.2",
      "resolved": "https://registry.npmjs.org/detect-libc/-/detect-libc-2.0.2.tgz",
      "integrity": "sha512-UX6sGumvvqSaXgdKGUsgZWqcUyIXZ/vZTrlRT/iobiKhGL0zL4d3osHj3uqllWJK+i+sixDS/3COVEOFbupFyw==",
      "engines": {
        "node": ">=8"
      }
    },
    "node_modules/find-exec": {
      "version": "1.0.3",
      "resolved": "https://registry.npmjs.org/find-exec/-/find-exec-1.0.3.tgz",
      "integrity": "sha512-gnG38zW90mS8hm5smNcrBnakPEt+cGJoiMkJwCU0IYnEb0H2NQk0NIljhNW+48oniCriFek/PH6QXbwsJo/qug==",
      "dependencies": {
        "shell-quote": "^1.8.1"
      }
    },
    "node_modules/fluent-ffmpeg": {
      "version": "2.1.2",
      "resolved": "https://registry.npmjs.org/fluent-ffmpeg/-/fluent-ffmpeg-2.1.2.tgz",
      "integrity": "sha512-IZTB4kq5GK0DPp7sGQ0q/BWurGHffRtQQwVkiqDgeO6wYJLLV5ZhgNOQ65loZxxuPMKZKZcICCUnaGtlxBiR0Q==",
      "dependencies": {
        "async": ">=0.2.9",
        "which": "^1.1.1"
      },
      "engines": {
        "node": ">=0.8.0"
      }
    },
    "node_modules/inherits": {
      "version": "2.0.4",
      "resolved": "https://registry.npmjs.org/inherits/-/inherits-2.0.4.tgz",
      "integrity": "sha512-k/vGaX4/Yla3WzyMCvTQOXYeIHvqOKtnqBduzTHpzpQZzAskKMhZ2K+EnBiSM9zGSoIFeMpXKxa4dYeZIQqewQ=="
    },
    "node_modules/is-arrayish": {
      "version": "0.3.2",
      "resolved": "https://registry.npmjs.org/is-arrayish/-/is-arrayish-0.3.2.tgz",
      "integrity": "sha512-eVRqCvVlZbuw3GrM63ovNSNAeA1K16kaR/LRY/92w0zxQ5/1YzwblUX652i4Xs9RwAGjW9d9y6X88t8OaAJfWQ=="
    },
    "node_modules/isarray": {
      "version": "0.0.1",
      "resolved": "https://registry.npmjs.org/isarray/-/isarray-0.0.1.tgz",
      "integrity": "sha512-D2S+3GLxWH+uhrNEcoh/fnmYeP8E8/zHl644d/jdA0g2uyXvy3sb0qxotE+ne0LtccHknQzWwZEzhak7oJ0COQ=="
    },
    "node_modules/isexe": {
      "version": "2.0.0",
      "resolved": "https://registry.npmjs.org/isexe/-/isexe-2.0.0.tgz",
      "integrity": "sha512-RHxMLp9lnKHGHRng9QFhRCMbYAcVpn69smSGcq3f36xjgVVWThj4qqLbTLlq7Ssj8B+fIQ1EuCEGI2lKsyQeIw=="
    },
    "node_modules/js-yaml": {
      "version": "4.1.0",
      "resolved": "https://registry.npmjs.org/js-yaml/-/js-yaml-4.1.0.tgz",
      "integrity": "sha512-wpxZs9NoxZaJESJGIZTyDEaYpl0FKSA+FB9aJiyemKhMwkxQg63h4T1KJgUGHpTqPDNRcmmYLugrRjJlBtWvRA==",
      "dependencies": {
        "argparse": "^2.0.1"
      },
      "bin": {
        "js-yaml": "bin/js-yaml.js"
      }
    },
    "node_modules/keypress": {
      "version": "0.2.1",
      "resolved": "https://registry.npmjs.org/keypress/-/keypress-0.2.1.tgz",
      "integrity": "sha512-HjorDJFNhnM4SicvaUXac0X77NiskggxJdesG72+O5zBKpSqKFCrqmndKVqpu3pFqkla0St6uGk8Ju0sCurrmg=="
    },
    "node_modules/lru-cache": {
      "version": "6.0.0",
      "resolved": "https://registry.npmjs.org/lru-cache/-/lru-cache-6.0.0.tgz",
      "integrity": "sha512-Jo6dJ04CmSjuznwJSS3pUeWmd/H0ffTlkXXgwZi+eq1UCmqQwCh+eLsYOYCwY991i2Fah4h1BEMCx4qThGbsiA==",
      "dependencies": {
        "yallist": "^4.0.0"
      },
      "engines": {
        "node": ">=10"
      }
    },
    "node_modules/ms": {
      "version": "2.0.0",
      "resolved": "https://registry.npmjs.org/ms/-/ms-2.0.0.tgz",
      "integrity": "sha512-Tpp60P6IUJDTuOq/5Z8cdskzJujfwqfOTkrwIwj7IRISpnkJnT6SyJ4PCPnGMoFjC9ddhal5KVIYtAt97ix05A=="
    },
    "node_modules/play-sound": {
      "version": "1.1.6",
      "resolved": "https://registry.npmjs.org/play-sound/-/play-sound-1.1.6.tgz",
      "integrity": "sha512-09eO4QiXNFXJffJaOW5P6x6F5RLihpLUkXttvUZeWml0fU6x6Zp7AjG9zaeMpgH2ZNvq4GR1ytB22ddYcqJIZA==",
      "dependencies": {
        "find-exec": "1.0.3"
      }
    },
    "node_modules/semver": {
      "version": "7.5.4",
      "resolved": "https://registry.npmjs.org/semver/-/semver-7.5.4.tgz",
      "integrity": "sha512-1bCSESV6Pv+i21Hvpxp3Dx+pSD8lIPt8uVjRrxAUt/nbswYc+tK6Y2btiULjd4+fnq15PX+nqQDC7Oft7WkwcA==",
      "dependencies": {
        "lru-cache": "^6.0.0"
      },
      "bin": {
        "semver": "bin/semver.js"
      },
      "engines": {
        "node": ">=10"
      }
    },
    "node_modules/sharp": {
      "version": "0.33.0",
      "resolved": "https://registry.npmjs.org/sharp/-/sharp-0.33.0.tgz",
      "integrity": "sha512-99DZKudjm/Rmz+M0/26t4DKpXyywAOJaayGS9boEn7FvgtG0RYBi46uPE2c+obcJRtA3AZa0QwJot63gJQ1F0Q==",
      "hasInstallScript": true,
      "dependencies": {
        "color": "^4.2.3",
        "detect-libc": "^2.0.2",
        "semver": "^7.5.4"
      },
      "engines": {
        "libvips": ">=8.15.0",
        "node": "^18.17.0 || ^20.3.0 || >=21.0.0"
      },
      "funding": {
        "url": "https://opencollective.com/libvips"
      },
      "optionalDependencies": {
        "@img/sharp-darwin-arm64": "0.33.0",
        "@img/sharp-darwin-x64": "0.33.0",
        "@img/sharp-libvips-darwin-arm64": "1.0.0",
        "@img/sharp-libvips-darwin-x64": "1.0.0",
        "@img/sharp-libvips-linux-arm": "1.0.0",
        "@img/sharp-libvips-linux-arm64": "1.0.0",
        "@img/sharp-libvips-linux-s390x": "1.0.0",
        "@img/sharp-libvips-linux-x64": "1.0.0",
        "@img/sharp-libvips-linuxmusl-arm64": "1.0.0",
        "@img/sharp-libvips-linuxmusl-x64": "1.0.0",
        "@img/sharp-linux-arm": "0.33.0",
        "@img/sharp-linux-arm64": "0.33.0",
        "@img/sharp-linux-s390x": "0.33.0",
        "@img/sharp-linux-x64": "0.33.0",
        "@img/sharp-linuxmusl-arm64": "0.33.0",
        "@img/sharp-linuxmusl-x64": "0.33.0",
        "@img/sharp-wasm32": "0.33.0",
        "@img/sharp-win32-ia32": "0.33.0",
        "@img/sharp-win32-x64": "0.33.0"
      }
    },
    "node_modules/shell-quote": {
      "version": "1.8.1",
      "resolved": "https://registry.npmjs.org/shell-quote/-/shell-quote-1.8.1.tgz",
      "integrity": "sha512-6j1W9l1iAs/4xYBI1SYOVZyFcCis9b4KCLQ8fgAGG07QvzaRLVVRQvAy85yNmmZSjYjg4MWh4gNvlPujU/5LpA==",
      "funding": {
        "url": "https://github.com/sponsors/ljharb"
      }
    },
    "node_modules/simple-swizzle": {
      "version": "0.2.2",
      "resolved": "https://registry.npmjs.org/simple-swizzle/-/simple-swizzle-0.2.2.tgz",
      "integrity": "sha512-JA//kQgZtbuY83m+xT+tXJkmJncGMTFT+C+g2h2R9uxkYIrE2yy9sgmcLhCnw57/WSD+Eh3J97FPEDFnbXnDUg==",
      "dependencies": {
        "is-arrayish": "^0.3.1"
      }
    },
    "node_modules/stream-parser": {
      "version": "0.3.1",
      "resolved": "https://registry.npmjs.org/stream-parser/-/stream-parser-0.3.1.tgz",
      "integrity": "sha512-bJ/HgKq41nlKvlhccD5kaCr/P+Hu0wPNKPJOH7en+YrJu/9EgqUF+88w5Jb6KNcjOFMhfX4B2asfeAtIGuHObQ==",
      "dependencies": {
        "debug": "2"
      }
    },
    "node_modules/tslib": {
      "version": "2.6.2",
      "resolved": "https://registry.npmjs.org/tslib/-/tslib-2.6.2.tgz",
      "integrity": "sha512-AEYxH93jGFPn/a2iVAwW87VuUIkR1FVUKB77NwMF7nBTDkDrrT/Hpt/IrCJ0QXhW27jTBDcf5ZY7w6RiqTMw2Q==",
      "optional": true
    },
    "node_modules/wav": {
      "version": "1.0.2",
      "resolved": "https://registry.npmjs.org/wav/-/wav-1.0.2.tgz",
      "integrity": "sha512-viHtz3cDd/Tcr/HbNqzQCofKdF6kWUymH9LGDdskfWFoIy/HJ+RTihgjEcHfnsy1PO4e9B+y4HwgTwMrByquhg==",
      "dependencies": {
        "buffer-alloc": "^1.1.0",
        "buffer-from": "^1.0.0",
        "debug": "^2.2.0",
        "readable-stream": "^1.1.14",
        "stream-parser": "^0.3.1"
      }
    },
    "node_modules/wav/node_modules/readable-stream": {
      "version": "1.1.14",
      "resolved": "https://registry.npmjs.org/readable-stream/-/readable-stream-1.1.14.tgz",
      "integrity": "sha512-+MeVjFf4L44XUkhM1eYbD8fyEsxcV81pqMSR5gblfcLCHfZvbrqy4/qYHE+/R5HoBUT11WV5O08Cr1n3YXkWVQ==",
      "dependencies": {
        "core-util-is": "~1.0.0",
        "inherits": "~2.0.1",
        "isarray": "0.0.1",
        "string_decoder": "~0.10.x"
      }
    },
    "node_modules/wav/node_modules/string_decoder": {
      "version": "0.10.31",
      "resolved": "https://registry.npmjs.org/string_decoder/-/string_decoder-0.10.31.tgz",
      "integrity": "sha512-ev2QzSzWPYmy9GuqfIVildA4OdcGLeFZQrq5ys6RtiuF+RQQiZWr8TZNyAcuVXyQRYfEO+MsoB/1BuQVhOJuoQ=="
    },
    "node_modules/which": {
      "version": "1.3.1",
      "resolved": "https://registry.npmjs.org/which/-/which-1.3.1.tgz",
      "integrity": "sha512-HxJdYWq1MTIQbJ3nw0cqssHoTNU267KlrDuGZ1WYlxDStUtKUhOaJmh112/TZmHxxUfuJqPXSOm7tDyas0OSIQ==",
      "dependencies": {
        "isexe": "^2.0.0"
      },
      "bin": {
        "which": "bin/which"
      }
    },
    "node_modules/yallist": {
      "version": "4.0.0",
      "resolved": "https://registry.npmjs.org/yallist/-/yallist-4.0.0.tgz",
      "integrity": "sha512-3wdGidZyq5PB084XLES5TpOSRA3wjXAlIWMhum2kRcv/41Sn2emQ0dycQW4uZXLejwKvg6EsvbdlVL+FYEct7A=="
    }
  }
}
